version = 1
revision = 3
requires-python = ">=3.14"

[[package]]
name = "anyio"
version = "4.15.1"
source = { registry = "https://pypi.org/simple" }
dependencies = [
    { name = "idna" },
    { name = "typing-extensions", marker = "python_full_version < '3.15'" },
]
sdist = { url = "https://files.pythonhosted.org/packages/a9/d2/f4d173e22df740bc37b1db102b386ba719b66e95b0f0d751f556b387e6d2/anyio-4.15.1.tar.gz", hash = "sha256:9f28306018cbd6d329e64a36d58256edff76dd996fe423bc957326e578b82a94", size = 276966, upload-time = "2026-09-05T10:42:39.44Z" }
wheels = [
    { url = "https://files.pythonhosted.org/packages/12/b8/4bd346e22b28902df4d651910f5242c28d84e4a5c2435ca5c3f797ed7e2e/anyio-4.15.1-py3-none-any.whl", hash = "sha256:6152fdbbf9a77fdec97731721bebf7c4c44f7c29b424b0065826173efc7ed101", size = 132079, upload-time = "2026-09-05T10:42:37.923Z" },
]

[[package]]
name = "certifi"
version = "2026.7.22"
source = { registry = "https://pypi.org/simple" }
sdist = { url = "https://files.pythonhosted.org/packages/a3/c2/24167ea9858356b47a87a50d39908bfdb72ceeefe0041586e704e5376b3a/certifi-2026.7.22.tar.gz", hash = "sha256:741e2c3b351ddf169a738da9f2c048608ff7f2c5cc02f1ebc6b118bb090d5d55", size = 138112, upload-time = "2026-07-22T03:35:12.644Z" }
wheels = [
    { url = "https://files.pythonhosted.org/packages/0b/a7/71ac2cff56fec219ed242bb11b8efb69fcc4bec75db06fb7bfe35de520e6/certifi-2026.7.22-py3-none-any.whl", hash = "sha256:62f22742b58a1a33014a2b6b706588a8d7e2a88ae7bd1a6ebe8c992928483775", size = 136983, upload-time = "2026-07-22T03:35:11.276Z" },
]

[[package]]
name = "h11"
version = "0.16.0"
source = { registry = "https://pypi.org/simple" }
sdist = { url = "https://files.pythonhosted.org/packages/01/ee/02a2c011bdab74c6fb3c75474d40b3052059d95df7e73351460c8588d963/h11-0.16.0.tar.gz", hash = "sha256:4e35b956cf45792e4caa5885e69fba00bdbc6ffafbfa020300e549b208ee5ff1", size = 101250, upload-time = "2025-04-24T03:35:25.427Z" }
wheels = [
    { url = "https://files.pythonhosted.org/packages/04/4b/29cac41a4d98d144bf5f6d33995617b185d14b22401f75ca86f384e87ff1/h11-0.16.0-py3-none-any.whl", hash = "sha256:63cf8bbe7522de3bf65932fda1d9c2772064ffb3dae62d55932da54b31cb6c86", size = 37515, upload-time = "2025-04-24T03:35:24.344Z" },
]

[[package]]
name = "h2"
version = "4.4.1"
source = { registry = "https://pypi.org/simple" }
dependencies = [
    { name = "hpack" },
    { name = "hyperframe" },
]
sdist = { url = "https://files.pythonhosted.org/packages/e7/85/7c366e69d84c17bb778fe41419e1fbcce3033d5b7ce29bbffff0a98b859f/h2-4.4.1.tar.gz", hash = "sha256:4e866ffb1a869ae14dd9b5e6beb5c24a13da0495ad72b65925ded182521c1516", size = 2157281, upload-time = "2026-08-03T11:45:09.509Z" }
wheels = [
    { url = "https://files.pythonhosted.org/packages/7e/22/e85faf23bd72a92d1921e37d674ca56eb298a3c8be31fdecef0ff2b3aaac/h2-4.4.1-py3-none-any.whl", hash = "sha256:0e25f1462b23c9cb82d9eb02e28bc706dac2a68cb457c6a0d74d63c8a2a5d0e6", size = 62636, upload-time = "2026-08-03T11:44:59.164Z" },
]

[[package]]
name = "hpack"
version = "4.2.0"
source = { registry = "https://pypi.org/simple" }
sdist = { url = "https://files.pythonhosted.org/packages/26/5b/fcabf6028144a8723726318b07a32c2f3314acdff6265743cf08a344b18e/hpack-4.2.0.tar.gz", hash = "sha256:0895cfa3b5531fc65fe439c05eb65144f123bf7a394fcaa56aa423548d8e45c0", size = 51300, upload-time = "2026-06-23T18:34:46.667Z" }
wheels = [
    { url = "https://files.pythonhosted.org/packages/71/b4/4a9fcfb2aef6ba44d9073ecd301443aa00b3dac95de5619f2a7de7ec8a91/hpack-4.2.0-py3-none-any.whl", hash = "sha256:858ac0b02280fa582b5080d68db0899c62a80375e0e5413a74970c5e518b6986", size = 34246, upload-time = "2026-06-23T18:34:45.472Z" },
]

[[package]]
name = "httpcore"
version = "1.0.9"
source = { registry = "https://pypi.org/simple" }
dependencies = [
    { name = "certifi" },
    { name = "h11" },
]
sdist = { url = "https://files.pythonhosted.org/packages/06/94/82699a10bca87a5556c9c59b5963f2d039dbd239f25bc2a63907a05a14cb/httpcore-1.0.9.tar.gz", hash = "sha256:6e34463af53fd2ab5d807f399a9b45ea31c3dfa2276f15a2c3f00afff6e176e8", size = 85484, upload-time = "2025-04-24T22:06:22.219Z" }
wheels = [
    { url = "https://files.pythonhosted.org/packages/7e/f5/f66802a942d491edb555dd61e3a9961140fd64c90bce1eafd741609d334d/httpcore-1.0.9-py3-none-any.whl", hash = "sha256:2d400746a40668fc9dec9810239072b40b4484b640a8c38fd654a024c7a1bf55", size = 78784, upload-time = "2025-04-24T22:06:20.566Z" },
]

[[package]]
name = "httpx"
version = "0.28.1"
source = { registry = "https://pypi.org/simple" }
dependencies = [
    { name = "anyio" },
    { name = "certifi" },
    { name = "httpcore" },
    { name = "idna" },
]
sdist = { url = "https://files.pythonhosted.org/packages/b1/df/48c586a5fe32a0f01324ee087459e112ebb7224f646c0b5023f5e79e9956/httpx-0.28.1.tar.gz", hash = "sha256:75e98c5f16b0f35b567856f597f06ff2270a374470a5c2392242528e3e3e42fc", size = 141406, upload-time = "2024-12-06T15:37:23.222Z" }
wheels = [
    { url = "https://files.pythonhosted.org/packages/2a/39/e50c7c3a983047577ee07d2a9e53faf5a69493943ec3f6a384bdc792deb2/httpx-0.28.1-py3-none-any.whl", hash = "sha256:d909fcccc110f8c7faf814ca82a9a4d816bc5a6dbfea25d6591d6985b8ba59ad", size = 73517, upload-time = "2024-12-06T15:37:21.509Z" },
]

[package.optional-dependencies]
http2 = [
    { name = "h2" },
]
zstd = [
    { name = "zstandard" },
]

[[package]]
name = "hyperframe"
version = "6.1.0"
source = { registry = "https://pypi.org/simple" }
sdist = { url = "https://files.pythonhosted.org/packages/02/e7/94f8232d4a74cc99514c13a9f995811485a6903d48e5d952771ef6322e30/hyperframe-6.1.0.tar.gz", hash = "sha256:f630908a00854a7adeabd6382b43923a4c4cd4b821fcb527e6ab9e15382a3b08", size = 26566, upload-time = "2025-01-22T21:41:49.302Z" }
wheels = [
    { url = "https://files.pythonhosted.org/packages/48/30/47d0bf6072f7252e6521f3447ccfa40b421b6824517f82854703d0f5a98b/hyperframe-6.1.0-py3-none-any.whl", hash = "sha256:b03380493a519fce58ea5af42e4a42317bf9bd425596f7a0835ffce80f1a42e5", size = 13007, upload-time = "2025-01-22T21:41:47.295Z" },
]

[[package]]
name = "idna"
version = "3.19"
source = { registry = "https://pypi.org/simple" }
sdist = { url = "https://files.pythonhosted.org/packages/5f/f7/abb373e5757eaec4b922b92f97ec8d6d7e057cf06778247604fbc4e7c3f3/idna-3.19.tar.gz", hash = "sha256:5e0811a4383b21dc5838069f801c4fb62113b7447663d2530d2bd6e77b49bf15", size = 215237, upload-time = "2026-08-18T05:14:24.27Z" }
wheels = [
    { url = "https://files.pythonhosted.org/packages/57/b0/0e52c878c53f245edd3a11020f20979b3f490f245af532c7cae3027754b5/idna-3.19-py3-none-any.whl", hash = "sha256:815e7be7a7806d54abb586dc943addc79e8b2ee16915059658cbeff4b1b43bf4", size = 68550, upload-time = "2026-08-18T05:14:22.343Z" },
]

[[package]]
name = "katsastustilastot"
version = "0.1.0"
source = { virtual = "." }
dependencies = [
    { name = "httpx", extra = ["http2", "zstd"] },
    { name = "polars" },
    { name = "ruff" },
]

[package.metadata]
requires-dist = [
    { name = "httpx", extras = ["http2", "zstd"], specifier = ">=0.28.1" },
    { name = "polars", specifier = ">=1.41.2" },
    { name = "ruff", specifier = ">=0.15.15" },
]

[[package]]
name = "polars"
version = "1.44.2"
source = { registry = "https://pypi.org/simple" }
dependencies = [
    { name = "polars-runtime-32" },
]
sdist = { url = "https://files.pythonhosted.org/packages/a4/15/e8541eefc22fbc7ca89bcb5112298a153729f73cfbc0cf6a668e509f975c/polars-1.44.2.tar.gz", hash = "sha256:86c8e26b6c2de8c8d344bb910b74dfc47b118ac3fe0f19b44909467990a0b281", size = 766272, upload-time = "2026-09-09T07:42:08.859Z" }
wheels = [
    { url = "https://files.pythonhosted.org/packages/51/6d/3014112c7f717d1253223faa13b6db3ac3a64ed00ab2a3bc1b942bc9cdd4/polars-1.44.2-py3-none-any.whl", hash = "sha256:1bb331f17a40d9d931101533dcd33637b66edc61eb377b07020dac16a0f0377b", size = 865768, upload-time = "2026-09-09T07:40:12.053Z" },
]

[[package]]
name = "polars-runtime-32"
version = "1.44.2"
source = { registry = "https://pypi.org/simple" }
sdist = { url = "https://files.pythonhosted.org/packages/d4/a1/a7eace6587b56f22cf2a21ab4d5e695db372dc23fd96accb68b1ec12660b/polars_runtime_32-1.44.2.tar.gz", hash = "sha256:b84842f7d621aaca7a52e165e19a24f89db45f8aa13744941430218419a14a67", size = 3172205, upload-time = "2026-09-09T07:42:10.851Z" }
wheels = [
    { url = "https://files.pythonhosted.org/packages/99/5b/a5215f82c3dd443dc5d6911b0d3e937f97056e0ef7753f7e123422481a18/polars_runtime_32-1.44.2-cp310-abi3-macosx_10_12_x86_64.whl", hash = "sha256:1fd536720668ba203a16a20b08cd6b23057e407a0279cf36b2f35f879d6e3208", size = 48334014, upload-time = "2026-09-09T07:40:16.43Z" },
    { url = "https://files.pythonhosted.org/packages/c2/e0/f3dc93fce4b4e99370db6a89001a1b8d3c606e3560d0d91dda809d6c6324/polars_runtime_32-1.44.2-cp310-abi3-macosx_11_0_arm64.whl", hash = "sha256:e0fd43720c8222ae39919c8ff891636d53b352706087120e62f83544dd3ff782", size = 43331099, upload-time = "2026-09-09T07:40:21.029Z" },
    { url = "https://files.pythonhosted.org/packages/4e/4f/076626ce93ddd622203c4b27be2a96d034cf5b24110c52e96e6029f0ea33/polars_runtime_32-1.44.2-cp310-abi3-manylinux_2_17_aarch64.manylinux2014_aarch64.whl", hash = "sha256:bbf9b45040291dc1c6c588c837019c33557bde25ec536562a9cca9e1f6dfcc45", size = 46590853, upload-time = "2026-09-09T07:40:24.934Z" },
    { url = "https://files.pythonhosted.org/packages/e9/24/ed9982657c446dd5491b089370eea196725673570cfc61f7225a9fdd7ef0/polars_runtime_32-1.44.2-cp310-abi3-manylinux_2_17_x86_64.manylinux2014_x86_64.whl", hash = "sha256:a1bafb441e99199a62c63bf1bbdc0ea09ee9776dbac2bf31452b5000fb1df2f7", size = 49912258, upload-time = "2026-09-09T07:40:29.238Z" },
    { url = "https://files.pythonhosted.org/packages/71/42/5490ab360aa2406119825ad82203a5e2ff27a3a5893ca8e0b93c053a59a3/polars_runtime_32-1.44.2-cp310-abi3-musllinux_1_2_aarch64.whl", hash = "sha256:10c0c695a418407617b5159db7d9a21074a733e4c6d61275b6762f25cb31ca99", size = 46737310, upload-time = "2026-09-09T07:40:33.143Z" },
    { url = "https://files.pythonhosted.org/packages/06/8f/d741afb1dcd1848161189e017d27972e7e78556d8dce66b94d4235093706/polars_runtime_32-1.44.2-cp310-abi3-musllinux_1_2_x86_64.whl", hash = "sha256:c4a09fb14aad711526346efc0cb2015c2fd0555ce4118b6524e5debbaea65ff5", size = 49887654, upload-time = "2026-09-09T07:40:37.455Z" },
    { url = "https://files.pythonhosted.org/packages/ba/e7/c61c1c7eea37705920fe7c1302d1dd80d1165db2b928f0da3eae6d1ebb75/polars_runtime_32-1.44.2-cp310-abi3-win_amd64.whl", hash = "sha256:8598e7a20efba70bb74978c7df7af7c606ff4d79b9b48fdd808250b189bc9a13", size = 51297967, upload-time = "2026-09-09T07:40:41.993Z" },
    { url = "https://files.pythonhosted.org/packages/e7/a0/d0dd0d2ec95fa328dd47055905fae53ba3cd79f11c8973326ebe75a49e4c/polars_runtime_32-1.44.2-cp310-abi3-win_arm64.whl", hash = "sha256:d51040d3ab40157f6db3c62be59cab5b80fb3c8d158924769c4982a1c8eef730", size = 44303345, upload-time = "2026-09-09T07:40:47.081Z" },
]

[[package]]
name = "ruff"
version = "0.16.7"
source = { registry = "https://pypi.org/simple" }
sdist = { url = "https://files.pythonhosted.org/packages/82/bb/5a449b9162e49b139d72f61672bd3ac1d790221f796d3304e2241fff4c58/ruff-0.16.7.tar.gz", hash = "sha256:5f71d004ac1263b22fa39462ac5ae618a4b77d58981af2cc79bf79a29c12b1a6", size = 4924184, upload-time = "2026-09-10T18:04:06.336Z" }
wheels = [
    { url = "https://files.pythonhosted.org/packages/e3/b2/c80aeeb7f9e469c0d63a85d2f1ab6e1ebfbe10ea7a8d2438b7e09e3ff09e/ruff-0.16.7-py3-none-linux_armv6l.whl", hash = "sha256:727307773e7c7f9181d3ed3a2484186e56c1fa1874255911c74585eb2c7c19f9", size = 10048917, upload-time = "2026-09-10T18:03:30.28Z" },
    { url = "https://files.pythonhosted.org/packages/7b/96/20bb7bcae008004df52afcb7ac83432d4a467f2c17b672fe46d26be231c5/ruff-0.16.7-py3-none-macosx_10_12_x86_64.whl", hash = "sha256:9d61c258deabf58f34c67bd4bb4d939c7f2e6b5f0e59c1cdd1cf771b11cde929", size = 10242929, upload-time = "2026-09-10T18:03:32.706Z" },
    { url = "https://files.pythonhosted.org/packages/90/b2/f184b0d5abec02db69cfd7e49b688ae0237554528ca777136c613bf36bee/ruff-0.16.7-py3-none-macosx_11_0_arm64.whl", hash = "sha256:7ab81118df8945e0193d0240712aa4496573595b75185c3636ed825592a0f728", size = 9847245, upload-time = "2026-09-10T18:03:34.509Z" },
    { url = "https://files.pythonhosted.org/packages/eb/2d/db1633a641866ed801e34cc6b60ef236c5e16f9b2124ab1d49cc24a5fe4f/ruff-0.16.7-py3-none-manylinux_2_17_aarch64.manylinux2014_aarch64.whl", hash = "sha256:4c196c968874fc8019da8e7163de7a1a370f111e2309b4b7dfea0fce950198d0", size = 9961780, upload-time = "2026-09-10T18:03:36.618Z" },
    { url = "https://files.pythonhosted.org/packages/4d/98/edea21e1a3e38dbbc3bf6bb068b863b3b06184cf8533a4c7dbbe208a89d5/ruff-0.16.7-py3-none-manylinux_2_17_armv7l.manylinux2014_armv7l.whl", hash = "sha256:ac8c3bd0a7e10ad31e6ce51e7a99f3cb772e69aecdd6b9ea7e99b362f62a62c0", size = 9866337, upload-time = "2026-09-10T18:03:38.805Z" },
    { url = "https://files.pythonhosted.org/packages/0b/11/a15e60d4c87b214646f116ca9d204475bf993ee1047459bc9a360fd4d6d1/ruff-0.16.7-py3-none-manylinux_2_17_i686.manylinux2014_i686.whl", hash = "sha256:398d3988edde000b5c75dc1b3f584708da9bc990de069c18909142580fec1af9", size = 10562512, upload-time = "2026-09-10T18:03:40.71Z" },
    { url = "https://files.pythonhosted.org/packages/29/42/eaff4c9b6d0c7cdf56df313a17e89ae854f5bbc0b0c8f9cce19be0ab7a8f/ruff-0.16.7-py3-none-manylinux_2_17_ppc64le.manylinux2014_ppc64le.whl", hash = "sha256:ce05b62b770a8217c4646a9c4139fca00efe8fe5d71f87df2b243ff20d4584d1", size = 11302938, upload-time = "2026-09-10T18:03:42.607Z" },
    { url = "https://files.pythonhosted.org/packages/5d/43/c75aa59a4ec181fe2ec06cab30e198c1c6d107229a9f008ae3a7c16cabd8/ruff-0.16.7-py3-none-manylinux_2_17_s390x.manylinux2014_s390x.whl", hash = "sha256:af1b576fddb9d9ef2ececfb5fadcd6a624b25070ed85e3cfcfe449fc3ff6a7b9", size = 10840857, upload-time = "2026-09-10T18:03:44.604Z" },
    { url = "https://files.pythonhosted.org/packages/21/33/81f3da371942ea031105ba679d8d6e28ec1660ccd690a45f42d381161356/ruff-0.16.7-py3-none-manylinux_2_17_x86_64.manylinux2014_x86_64.whl", hash = "sha256:9ce7f8f22df67c93ed96c717f9128eadb797144ac2bad475cf536f31d6100c55", size = 10370001, upload-time = "2026-09-10T18:03:46.706Z" },
    { url = "https://files.pythonhosted.org/packages/fa/0b/6345fb4dbf6dd0ed1cfe5d18391dc9c3f59cc81622a7b0a65b84b3e730ba/ruff-0.16.7-py3-none-manylinux_2_31_riscv64.whl", hash = "sha256:06d0e93d04f392996435ebd600c153f65b47d73fbec2415aa99c5ee5756b3a5f", size = 10548735, upload-time = "2026-09-10T18:03:48.658Z" },
    { url = "https://files.pythonhosted.org/packages/3f/4d/c5576adf511f92a328e5569dda190ecdd430da51f1a649f3a4a2fd73e21e/ruff-0.16.7-py3-none-musllinux_1_2_aarch64.whl", hash = "sha256:142151a5e7b93c1b11111337142f89dd2fbfee92161225c99a97222f22e32656", size = 10108496, upload-time = "2026-09-10T18:03:50.563Z" },
    { url = "https://files.pythonhosted.org/packages/ff/8c/667d83c16199a17a56adc6b0bd4c3beb5b767a2babcd16a56f76f9be7fd6/ruff-0.16.7-py3-none-musllinux_1_2_armv7l.whl", hash = "sha256:e6651f97a342d8b35d54d8991544ca22169b86dc54111cb604666940c431b750", size = 9860136, upload-time = "2026-09-10T18:03:52.621Z" },
    { url = "https://files.pythonhosted.org/packages/99/75/78d401106731999a1dd20cc5a6961e37e1eb9397a3b589f73f3a5ce146a3/ruff-0.16.7-py3-none-musllinux_1_2_i686.whl", hash = "sha256:ef140c6eb935fa9a84c9c607dfb2cb1b85843c192e79265b0c54f35f557ea8e5", size = 10286290, upload-time = "2026-09-10T18:03:55.207Z" },
    { url = "https://files.pythonhosted.org/packages/68/49/56f9c3a8b755df93a0ad318b2147bf4ef5dae9a7e5ec61c460109c67957f/ruff-0.16.7-py3-none-musllinux_1_2_x86_64.whl", hash = "sha256:53e39506a730fadeee0d998ed5946f30671f0db240c6c7c73bdabbe33604bb6f", size = 10745048, upload-time = "2026-09-10T18:03:57.299Z" },
    { url = "https://files.pythonhosted.org/packages/5f/ea/7f9b938a63ece4bec677ad7f9f7fa02df3383db1949ed93a382441c09a87/ruff-0.16.7-py3-none-win32.whl", hash = "sha256:2ea3470fcebcbc5df2fb0c6f3b90333fa9084c534e0111c038fa4a6ab9f1c4b7", size = 10059082, upload-time = "2026-09-10T18:03:59.632Z" },
    { url = "https://files.pythonhosted.org/packages/39/11/480a6973a927aa653e1cead6a6416008640e03a99d05b34c0434b8c6c366/ruff-0.16.7-py3-none-win_amd64.whl", hash = "sha256:7ac26aca826e9e21d0f1cb25b54ac660760a9fdd094d3e4df9848232be98cfc6", size = 10593368, upload-time = "2026-09-10T18:04:01.999Z" },
    { url = "https://files.pythonhosted.org/packages/8b/4b/51327018d056f0dad2c2238f26d1fb0f53707a9d91b75dea6d1b3039f136/ruff-0.16.7-py3-none-win_arm64.whl", hash = "sha256:aab7f39e2c9df6c596216070f98eef1207b94f8516cca20c808826974971855b", size = 10412401, upload-time = "2026-09-10T18:04:04.098Z" },
]

[[package]]
name = "typing-extensions"
version = "4.16.0"
source = { registry = "https://pypi.org/simple" }
sdist = { url = "https://files.pythonhosted.org/packages/f6/cc/6253133b5bb138fc3306cebfbda2c520f545d36b5be2c7255cc528bb45d6/typing_extensions-4.16.0.tar.gz", hash = "sha256:dc983d19a509c94dba722ee6abd33940f7c05a89e243c47e907eb4db6f1a43e5", size = 113555, upload-time = "2026-07-02T08:40:05.92Z" }
wheels = [
    { url = "https://files.pythonhosted.org/packages/49/d3/b8441a820a491ddfc024b0b0cf0393375b75ea13866d9c66727e54c2fc80/typing_extensions-4.16.0-py3-none-any.whl", hash = "sha256:481caa481374e813c1b176ada14e97f1f67a4539ce9cfeb3f350d78d6370c2e8", size = 45571, upload-time = "2026-07-02T08:40:04.659Z" },
]

[[package]]
name = "zstandard"
version = "0.25.0"
source = { registry = "https://pypi.org/simple" }
sdist = { url = "https://files.pythonhosted.org/packages/fd/aa/3e0508d5a5dd96529cdc5a97011299056e14c6505b678fd58938792794b1/zstandard-0.25.0.tar.gz", hash = "sha256:7713e1179d162cf5c7906da876ec2ccb9c3a9dcbdffef0cc7f70c3667a205f0b", size = 711513, upload-time = "2025-09-14T22:15:54.002Z" }
wheels = [
    { url = "https://files.pythonhosted.org/packages/3d/5c/f8923b595b55fe49e30612987ad8bf053aef555c14f05bb659dd5dbe3e8a/zstandard-0.25.0-cp314-cp314-macosx_10_13_x86_64.whl", hash = "sha256:e29f0cf06974c899b2c188ef7f783607dbef36da4c242eb6c82dcd8b512855e3", size = 795887, upload-time = "2025-09-14T22:17:54.198Z" },
    { url = "https://files.pythonhosted.org/packages/8d/09/d0a2a14fc3439c5f874042dca72a79c70a532090b7ba0003be73fee37ae2/zstandard-0.25.0-cp314-cp314-macosx_11_0_arm64.whl", hash = "sha256:05df5136bc5a011f33cd25bc9f506e7426c0c9b3f9954f056831ce68f3b6689f", size = 640658, upload-time = "2025-09-14T22:17:55.423Z" },
    { url = "https://files.pythonhosted.org/packages/5d/7c/8b6b71b1ddd517f68ffb55e10834388d4f793c49c6b83effaaa05785b0b4/zstandard-0.25.0-cp314-cp314-manylinux2010_i686.manylinux_2_12_i686.manylinux_2_28_i686.whl", hash = "sha256:f604efd28f239cc21b3adb53eb061e2a205dc164be408e553b41ba2ffe0ca15c", size = 5379849, upload-time = "2025-09-14T22:17:57.372Z" },
    { url = "https://files.pythonhosted.org/packages/a4/86/a48e56320d0a17189ab7a42645387334fba2200e904ee47fc5a26c1fd8ca/zstandard-0.25.0-cp314-cp314-manylinux2014_aarch64.manylinux_2_17_aarch64.manylinux_2_28_aarch64.whl", hash = "sha256:223415140608d0f0da010499eaa8ccdb9af210a543fac54bce15babbcfc78439", size = 5058095, upload-time = "2025-09-14T22:17:59.498Z" },
    { url = "https://files.pythonhosted.org/packages/f8/ad/eb659984ee2c0a779f9d06dbfe45e2dc39d99ff40a319895df2d3d9a48e5/zstandard-0.25.0-cp314-cp314-manylinux2014_ppc64le.manylinux_2_17_ppc64le.manylinux_2_28_ppc64le.whl", hash = "sha256:2e54296a283f3ab5a26fc9b8b5d4978ea0532f37b231644f367aa588930aa043", size = 5551751, upload-time = "2025-09-14T22:18:01.618Z" },
    { url = "https://files.pythonhosted.org/packages/61/b3/b637faea43677eb7bd42ab204dfb7053bd5c4582bfe6b1baefa80ac0c47b/zstandard-0.25.0-cp314-cp314-manylinux2014_s390x.manylinux_2_17_s390x.manylinux_2_28_s390x.whl", hash = "sha256:ca54090275939dc8ec5dea2d2afb400e0f83444b2fc24e07df7fdef677110859", size = 6364818, upload-time = "2025-09-14T22:18:03.769Z" },
    { url = "https://files.pythonhosted.org/packages/31/dc/cc50210e11e465c975462439a492516a73300ab8caa8f5e0902544fd748b/zstandard-0.25.0-cp314-cp314-manylinux2014_x86_64.manylinux_2_17_x86_64.manylinux_2_28_x86_64.whl", hash = "sha256:e09bb6252b6476d8d56100e8147b803befa9a12cea144bbe629dd508800d1ad0", size = 5560402, upload-time = "2025-09-14T22:18:05.954Z" },
    { url = "https://files.pythonhosted.org/packages/c9/ae/56523ae9c142f0c08efd5e868a6da613ae76614eca1305259c3bf6a0ed43/zstandard-0.25.0-cp314-cp314-musllinux_1_2_aarch64.whl", hash = "sha256:a9ec8c642d1ec73287ae3e726792dd86c96f5681eb8df274a757bf62b750eae7", size = 4955108, upload-time = "2025-09-14T22:18:07.68Z" },
    { url = "https://files.pythonhosted.org/packages/98/cf/c899f2d6df0840d5e384cf4c4121458c72802e8bda19691f3b16619f51e9/zstandard-0.25.0-cp314-cp314-musllinux_1_2_i686.whl", hash = "sha256:a4089a10e598eae6393756b036e0f419e8c1d60f44a831520f9af41c14216cf2", size = 5269248, upload-time = "2025-09-14T22:18:09.753Z" },
    { url = "https://files.pythonhosted.org/packages/1b/c0/59e912a531d91e1c192d3085fc0f6fb2852753c301a812d856d857ea03c6/zstandard-0.25.0-cp314-cp314-musllinux_1_2_ppc64le.whl", hash = "sha256:f67e8f1a324a900e75b5e28ffb152bcac9fbed1cc7b43f99cd90f395c4375344", size = 5430330, upload-time = "2025-09-14T22:18:11.966Z" },
    { url = "https://files.pythonhosted.org/packages/a0/1d/7e31db1240de2df22a58e2ea9a93fc6e38cc29353e660c0272b6735d6669/zstandard-0.25.0-cp314-cp314-musllinux_1_2_s390x.whl", hash = "sha256:9654dbc012d8b06fc3d19cc825af3f7bf8ae242226df5f83936cb39f5fdc846c", size = 5811123, upload-time = "2025-09-14T22:18:13.907Z" },
    { url = "https://files.pythonhosted.org/packages/f6/49/fac46df5ad353d50535e118d6983069df68ca5908d4d65b8c466150a4ff1/zstandard-0.25.0-cp314-cp314-musllinux_1_2_x86_64.whl", hash = "sha256:4203ce3b31aec23012d3a4cf4a2ed64d12fea5269c49aed5e4c3611b938e4088", size = 5359591, upload-time = "2025-09-14T22:18:16.465Z" },
    { url = "https://files.pythonhosted.org/packages/c2/38/f249a2050ad1eea0bb364046153942e34abba95dd5520af199aed86fbb49/zstandard-0.25.0-cp314-cp314-win32.whl", hash = "sha256:da469dc041701583e34de852d8634703550348d5822e66a0c827d39b05365b12", size = 444513, upload-time = "2025-09-14T22:18:20.61Z" },
    { url = "https://files.pythonhosted.org/packages/3a/43/241f9615bcf8ba8903b3f0432da069e857fc4fd1783bd26183db53c4804b/zstandard-0.25.0-cp314-cp314-win_amd64.whl", hash = "sha256:c19bcdd826e95671065f8692b5a4aa95c52dc7a02a4c5a0cac46deb879a017a2", size = 516118, upload-time = "2025-09-14T22:18:17.849Z" },
    { url = "https://files.pythonhosted.org/packages/f0/ef/da163ce2450ed4febf6467d77ccb4cd52c4c30ab45624bad26ca0a27260c/zstandard-0.25.0-cp314-cp314-win_arm64.whl", hash = "sha256:d7541afd73985c630bafcd6338d2518ae96060075f9463d7dc14cfb33514383d", size = 476940, upload-time = "2025-09-14T22:18:19.088Z" },
]
